
Microsoft Visual Studio Solution File, Format Version 12.00
# Visual Studio Version 17
VisualStudioVersion = 17.5.33530.505
MinimumVisualStudioVersion = 10.0.40219.1
Project("{FAE04EC0-301F-11D3-BF4B-00C04F79EFBC}") = "aulapr1", "aulapr1\aulapr1.csproj", "{AC882377-4896-4E63-BE77-21858DC38948}"
EndProject
Global
	GlobalSection(SolutionConfigurationPlatforms) = preSolution
		Debug|Any CPU = Debug|Any CPU
		Release|Any CPU = Release|Any CPU
	EndGlobalSection
	GlobalSection(ProjectConfigurationPlatforms) = postSolution
		{AC882377-4896-4E63-BE77-21858DC38948}.Debug|Any CPU.ActiveCfg = Debug|Any CPU
		{AC882377-4896-4E63-BE77-21858DC38948}.Debug|Any CPU.Build.0 = Debug|Any CPU
		{AC882377-4896-4E63-BE77-21858DC38948}.Release|Any CPU.ActiveCfg = Release|Any CPU
		{AC882377-4896-4E63-BE77-21858DC38948}.Release|Any CPU.Build.0 = Release|Any CPU
	EndGlobalSection
	GlobalSection(SolutionProperties) = preSolution
		HideSolutionNode = FALSE
	EndGlobalSection
	GlobalSection(ExtensibilityGlobals) = postSolution
		SolutionGuid = {28B97F2B-1857-4C17-B48B-92FD81974E07}
	EndGlobalSection
EndGlobal
